
Microsoft Visual Studio Solution File, Format Version 12.00
Project("{FAE04EC0-301F-11D3-BF4B-00C04F79EFBC}") = "BetterTames", "BetterTames.csproj", "{A639D58B-07E7-4410-AFDA-41D6DFFF67B4}"
EndProject
Global
	GlobalSection(SolutionConfigurationPlatforms) = preSolution
		Debug|Any CPU = Debug|Any CPU
		Release|Any CPU = Release|Any CPU
	EndGlobalSection
	GlobalSection(ProjectConfigurationPlatforms) = postSolution
		{A639D58B-07E7-4410-AFDA-41D6DFFF67B4}.Debug|Any CPU.ActiveCfg = Debug|Any CPU
		{A639D58B-07E7-4410-AFDA-41D6DFFF67B4}.Debug|Any CPU.Build.0 = Debug|Any CPU
		{A639D58B-07E7-4410-AFDA-41D6DFFF67B4}.Release|Any CPU.ActiveCfg = Release|Any CPU
		{A639D58B-07E7-4410-AFDA-41D6DFFF67B4}.Release|Any CPU.Build.0 = Release|Any CPU
	EndGlobalSection
EndGlobal
